{
  "name": "4.2",
  "lockfileVersion": 2,
  "requires": true,
  "packages": {
    "": {
      "dependencies": {
        "types-registry": "^0.1.536"
      },
      "devDependencies": {
        "@types/chai": "^4.2.16",
        "@types/chai-fs": "^2.0.2",
        "@types/jsdom": "^16.2.10",
        "@types/mocha": "^8.2.2",
        "@types/node": "^14.14.37"
      }
    },
    "node_modules/@types/chai": {
      "version": "4.2.16",
      "resolved": "https://registry.npmjs.org/@types/chai/-/chai-4.2.16.tgz",
      "integrity": "sha512-vI5iOAsez9+roLS3M3+Xx7w+WRuDtSmF8bQkrbcIJ2sC1PcDgVoA0WGpa+bIrJ+y8zqY2oi//fUctkxtIcXJCw==",
      "dev": true
    },
    "node_modules/@types/chai-fs": {
      "version": "2.0.2",
      "resolved": "https://registry.npmjs.org/@types/chai-fs/-/chai-fs-2.0.2.tgz",
      "integrity": "sha512-nS385nRPNvi9UjSUCDE7f84IXZnIzooPh7Ky88kdRfSFk72juvQENqrqyrKkJeXJsN9bMG9/5zVGr06GcBRB5g==",
      "dev": true,
      "dependencies": {
        "@types/chai": "*",
        "@types/node": "*"
      }
    },
    "node_modules/@types/jsdom": {
      "version": "16.2.10",
      "resolved": "https://registry.npmjs.org/@types/jsdom/-/jsdom-16.2.10.tgz",
      "integrity": "sha512-q3aIjp3ehhVSXSbvNyuireAfvU2umRiZ2aLumyeZewCnoNaokrRDdTu5IvaeE9pzNtWHXrUnM9lb22Vl3W08EA==",
      "dev": true,
      "dependencies": {
        "@types/node": "*",
        "@types/parse5": "*",
        "@types/tough-cookie": "*"
      }
    },
    "node_modules/@types/mocha": {
      "version": "8.2.2",
      "resolved": "https://registry.npmjs.org/@types/mocha/-/mocha-8.2.2.tgz",
      "integrity": "sha512-Lwh0lzzqT5Pqh6z61P3c3P5nm6fzQK/MMHl9UKeneAeInVflBSz1O2EkX6gM6xfJd7FBXBY5purtLx7fUiZ7Hw==",
      "dev": true
    },
    "node_modules/@types/node": {
      "version": "14.14.37",
      "resolved": "https://registry.npmjs.org/@types/node/-/node-14.14.37.tgz",
      "integrity": "sha512-XYmBiy+ohOR4Lh5jE379fV2IU+6Jn4g5qASinhitfyO71b/sCo6MKsMLF5tc7Zf2CE8hViVQyYSobJNke8OvUw==",
      "dev": true
    },
    "node_modules/@types/parse5": {
      "version": "6.0.0",
      "resolved": "https://registry.npmjs.org/@types/parse5/-/parse5-6.0.0.tgz",
      "integrity": "sha512-oPwPSj4a1wu9rsXTEGIJz91ISU725t0BmSnUhb57sI+M8XEmvUop84lzuiYdq0Y5M6xLY8DBPg0C2xEQKLyvBA==",
      "dev": true
    },
    "node_modules/@types/tough-cookie": {
      "version": "4.0.0",
      "resolved": "https://registry.npmjs.org/@types/tough-cookie/-/tough-cookie-4.0.0.tgz",
      "integrity": "sha512-I99sngh224D0M7XgW1s120zxCt3VYQ3IQsuw3P3jbq5GG4yc79+ZjyKznyOGIQrflfylLgcfekeZW/vk0yng6A==",
      "dev": true
    },
    "node_modules/types-registry": {
      "version": "0.1.536",
      "resolved": "https://registry.npmjs.org/types-registry/-/types-registry-0.1.536.tgz",
      "integrity": "sha512-ZoYD9ff71B5KK+Qua4x3AgpLqeOPksgqz7v2zj2A2TmtiR/SDCfyguQ7ymsu0q47QEZeJUjC6L3bfST+jjE+pg=="
    }
  },
  "dependencies": {
    "@types/chai": {
      "version": "4.2.16",
      "resolved": "https://registry.npmjs.org/@types/chai/-/chai-4.2.16.tgz",
      "integrity": "sha512-vI5iOAsez9+roLS3M3+Xx7w+WRuDtSmF8bQkrbcIJ2sC1PcDgVoA0WGpa+bIrJ+y8zqY2oi//fUctkxtIcXJCw==",
      "dev": true
    },
    "@types/chai-fs": {
      "version": "2.0.2",
      "resolved": "https://registry.npmjs.org/@types/chai-fs/-/chai-fs-2.0.2.tgz",
      "integrity": "sha512-nS385nRPNvi9UjSUCDE7f84IXZnIzooPh7Ky88kdRfSFk72juvQENqrqyrKkJeXJsN9bMG9/5zVGr06GcBRB5g==",
      "dev": true,
      "requires": {
        "@types/chai": "*",
        "@types/node": "*"
      }
    },
    "@types/jsdom": {
      "version": "16.2.10",
      "resolved": "https://registry.npmjs.org/@types/jsdom/-/jsdom-16.2.10.tgz",
      "integrity": "sha512-q3aIjp3ehhVSXSbvNyuireAfvU2umRiZ2aLumyeZewCnoNaokrRDdTu5IvaeE9pzNtWHXrUnM9lb22Vl3W08EA==",
      "dev": true,
      "requires": {
        "@types/node": "*",
        "@types/parse5": "*",
        "@types/tough-cookie": "*"
      }
    },
    "@types/mocha": {
      "version": "8.2.2",
      "resolved": "https://registry.npmjs.org/@types/mocha/-/mocha-8.2.2.tgz",
      "integrity": "sha512-Lwh0lzzqT5Pqh6z61P3c3P5nm6fzQK/MMHl9UKeneAeInVflBSz1O2EkX6gM6xfJd7FBXBY5purtLx7fUiZ7Hw==",
      "dev": true
    },
    "@types/node": {
      "version": "14.14.37",
      "resolved": "https://registry.npmjs.org/@types/node/-/node-14.14.37.tgz",
      "integrity": "sha512-XYmBiy+ohOR4Lh5jE379fV2IU+6Jn4g5qASinhitfyO71b/sCo6MKsMLF5tc7Zf2CE8hViVQyYSobJNke8OvUw==",
      "dev": true
    },
    "@types/parse5": {
      "version": "6.0.0",
      "resolved": "https://registry.npmjs.org/@types/parse5/-/parse5-6.0.0.tgz",
      "integrity": "sha512-oPwPSj4a1wu9rsXTEGIJz91ISU725t0BmSnUhb57sI+M8XEmvUop84lzuiYdq0Y5M6xLY8DBPg0C2xEQKLyvBA==",
      "dev": true
    },
    "@types/tough-cookie": {
      "version": "4.0.0",
      "resolved": "https://registry.npmjs.org/@types/tough-cookie/-/tough-cookie-4.0.0.tgz",
      "integrity": "sha512-I99sngh224D0M7XgW1s120zxCt3VYQ3IQsuw3P3jbq5GG4yc79+ZjyKznyOGIQrflfylLgcfekeZW/vk0yng6A==",
      "dev": true
    },
    "types-registry": {
      "version": "0.1.536",
      "resolved": "https://registry.npmjs.org/types-registry/-/types-registry-0.1.536.tgz",
      "integrity": "sha512-ZoYD9ff71B5KK+Qua4x3AgpLqeOPksgqz7v2zj2A2TmtiR/SDCfyguQ7ymsu0q47QEZeJUjC6L3bfST+jjE+pg=="
    }
  }
}
